<?xml version="1.0" encoding="utf-8"?>
<Project ToolsVersion="4.0" xmlns="http://schemas.microsoft.com/developer/msbuild/2003">
  <ItemGroup>
    <Filter Include="Source Files">
      <UniqueIdentifier>{b61b1b93-12b0-433d-93cb-50036e9d60c3}</UniqueIdentifier>
      <Extensions>cpp;c;cxx;rc;def;r;odl;hpj;bat;for;f90</Extensions>
    </Filter>
    <Filter Include="Header Files">
      <UniqueIdentifier>{d0914089-b2c5-47e8-92fd-6a17c5ab57ad}</UniqueIdentifier>
      <Extensions>h;hpp;hxx;hm;inl;fi;fd</Extensions>
    </Filter>
    <Filter Include="Resource Files">
      <UniqueIdentifier>{dd8586c4-ec2e-489c-bf64-1e999f56e5a1}</UniqueIdentifier>
      <Extensions>ico;cur;bmp;dlg;rc2;rct;bin;cnt;rtf;gif;jpg;jpeg;jpe</Extensions>
    </Filter>
    <Filter Include="Information files">
      <UniqueIdentifier>{be4c6c86-a91e-48dd-9647-31a03babbde5}</UniqueIdentifier>
      <Extensions>*.txt</Extensions>
    </Filter>
  </ItemGroup>
  <ItemGroup>
    <ClCompile Include="bat.c">
      <Filter>Source Files</Filter>
    </ClCompile>
    <ClCompile Include="ctf_file_io.c">
      <Filter>Source Files</Filter>
    </ClCompile>
    <ClCompile Include="ctf_sqlite_core.c">
      <Filter>Source Files</Filter>
    </ClCompile>
    <ClCompile Include="ctf_sqlite_player.c">
      <Filter>Source Files</Filter>
    </ClCompile>
    <ClCompile Include="ctf_sqlite_unidb.c">
      <Filter>Source Files</Filter>
    </ClCompile>
    <ClCompile Include="sqlite3.c">
      <Filter>Source Files</Filter>
    </ClCompile>
    <ClCompile Include="g_ai.c">
      <Filter>Source Files</Filter>
    </ClCompile>
    <ClCompile Include="g_chase.c">
      <Filter>Source Files</Filter>
    </ClCompile>
    <ClCompile Include="g_cmds.c">
      <Filter>Source Files</Filter>
    </ClCompile>
    <ClCompile Include="g_combat.c">
      <Filter>Source Files</Filter>
    </ClCompile>
    <ClCompile Include="g_ctffunc.c">
      <Filter>Source Files</Filter>
    </ClCompile>
    <ClCompile Include="g_func.c">
      <Filter>Source Files</Filter>
    </ClCompile>
    <ClCompile Include="g_items.c">
      <Filter>Source Files</Filter>
    </ClCompile>
    <ClCompile Include="g_main.c">
      <Filter>Source Files</Filter>
    </ClCompile>
    <ClCompile Include="g_maplist.c">
      <Filter>Source Files</Filter>
    </ClCompile>
    <ClCompile Include="g_menu.c">
      <Filter>Source Files</Filter>
    </ClCompile>
    <ClCompile Include="g_misc.c">
      <Filter>Source Files</Filter>
    </ClCompile>
    <ClCompile Include="g_monster.c">
      <Filter>Source Files</Filter>
    </ClCompile>
    <ClCompile Include="g_phys.c">
      <Filter>Source Files</Filter>
    </ClCompile>
    <ClCompile Include="g_replace.c">
      <Filter>Source Files</Filter>
    </ClCompile>
    <ClCompile Include="g_runes.c">
      <Filter>Source Files</Filter>
    </ClCompile>
    <ClCompile Include="g_save.c">
      <Filter>Source Files</Filter>
    </ClCompile>
    <ClCompile Include="g_skins.c">
      <Filter>Source Files</Filter>
    </ClCompile>
    <ClCompile Include="g_spawn.c">
      <Filter>Source Files</Filter>
    </ClCompile>
    <ClCompile Include="g_svcmds.c">
      <Filter>Source Files</Filter>
    </ClCompile>
    <ClCompile Include="g_target.c">
      <Filter>Source Files</Filter>
    </ClCompile>
    <ClCompile Include="g_tourney.c">
      <Filter>Source Files</Filter>
    </ClCompile>
    <ClCompile Include="g_trigger.c">
      <Filter>Source Files</Filter>
    </ClCompile>
    <ClCompile Include="g_turret.c">
      <Filter>Source Files</Filter>
    </ClCompile>
    <ClCompile Include="g_utils.c">
      <Filter>Source Files</Filter>
    </ClCompile>
    <ClCompile Include="g_vote.c">
      <Filter>Source Files</Filter>
    </ClCompile>
    <ClCompile Include="g_weapon.c">
      <Filter>Source Files</Filter>
    </ClCompile>
    <ClCompile Include="ui_text.c">
      <Filter>Source Files</Filter>
    </ClCompile>
    <ClCompile Include="ui_layout.c">
      <Filter>Source Files</Filter>
    </ClCompile>
    <ClCompile Include="ui_boards.c">
      <Filter>Source Files</Filter>
    </ClCompile>
    <ClCompile Include="gslog.c">
      <Filter>Source Files</Filter>
    </ClCompile>
    <ClCompile Include="m_actor.c">
      <Filter>Source Files</Filter>
    </ClCompile>
    <ClCompile Include="m_berserk.c">
      <Filter>Source Files</Filter>
    </ClCompile>
    <ClCompile Include="m_boss2.c">
      <Filter>Source Files</Filter>
    </ClCompile>
    <ClCompile Include="m_boss3.c">
      <Filter>Source Files</Filter>
    </ClCompile>
    <ClCompile Include="m_boss31.c">
      <Filter>Source Files</Filter>
    </ClCompile>
    <ClCompile Include="m_boss32.c">
      <Filter>Source Files</Filter>
    </ClCompile>
    <ClCompile Include="m_brain.c">
      <Filter>Source Files</Filter>
    </ClCompile>
    <ClCompile Include="m_chick.c">
      <Filter>Source Files</Filter>
    </ClCompile>
    <ClCompile Include="m_flash.c">
      <Filter>Source Files</Filter>
    </ClCompile>
    <ClCompile Include="m_flipper.c">
      <Filter>Source Files</Filter>
    </ClCompile>
    <ClCompile Include="m_float.c">
      <Filter>Source Files</Filter>
    </ClCompile>
    <ClCompile Include="m_flyer.c">
      <Filter>Source Files</Filter>
    </ClCompile>
    <ClCompile Include="m_gladiator.c">
      <Filter>Source Files</Filter>
    </ClCompile>
    <ClCompile Include="m_gunner.c">
      <Filter>Source Files</Filter>
    </ClCompile>
    <ClCompile Include="m_hover.c">
      <Filter>Source Files</Filter>
    </ClCompile>
    <ClCompile Include="m_infantry.c">
      <Filter>Source Files</Filter>
    </ClCompile>
    <ClCompile Include="m_insane.c">
      <Filter>Source Files</Filter>
    </ClCompile>
    <ClCompile Include="m_medic.c">
      <Filter>Source Files</Filter>
    </ClCompile>
    <ClCompile Include="m_move.c">
      <Filter>Source Files</Filter>
    </ClCompile>
    <ClCompile Include="m_mutant.c">
      <Filter>Source Files</Filter>
    </ClCompile>
    <ClCompile Include="m_parasite.c">
      <Filter>Source Files</Filter>
    </ClCompile>
    <ClCompile Include="m_soldier.c">
      <Filter>Source Files</Filter>
    </ClCompile>
    <ClCompile Include="m_supertank.c">
      <Filter>Source Files</Filter>
    </ClCompile>
    <ClCompile Include="m_tank.c">
      <Filter>Source Files</Filter>
    </ClCompile>
    <ClCompile Include="p_client.c">
      <Filter>Source Files</Filter>
    </ClCompile>
    <ClCompile Include="p_hud.c">
      <Filter>Source Files</Filter>
    </ClCompile>
    <ClCompile Include="p_observer.c">
      <Filter>Source Files</Filter>
    </ClCompile>
    <ClCompile Include="p_stats.c">
      <Filter>Source Files</Filter>
    </ClCompile>
    <ClCompile Include="p_trail.c">
      <Filter>Source Files</Filter>
    </ClCompile>
    <ClCompile Include="p_view.c">
      <Filter>Source Files</Filter>
    </ClCompile>
    <ClCompile Include="p_weapon.c">
      <Filter>Source Files</Filter>
    </ClCompile>
    <ClCompile Include="plasma.c">
      <Filter>Source Files</Filter>
    </ClCompile>
    <ClCompile Include="q_shared.c">
      <Filter>Source Files</Filter>
    </ClCompile>
    <ClCompile Include="slipgate\sg_action.c">
      <Filter>Source Files</Filter>
    </ClCompile>
    <ClCompile Include="slipgate\sg_crc32.c">
      <Filter>Source Files</Filter>
    </ClCompile>
    <ClCompile Include="slipgate\sg_defense_shift.c">
      <Filter>Source Files</Filter>
    </ClCompile>
    <ClCompile Include="slipgate\sg_defense_supply.c">
      <Filter>Source Files</Filter>
    </ClCompile>
    <ClCompile Include="slipgate\sg_strike.c">
      <Filter>Source Files</Filter>
    </ClCompile>
    <ClCompile Include="slipgate\sg_strike_adapter.c">
      <Filter>Source Files</Filter>
    </ClCompile>
    <ClCompile Include="slipgate\sg_identity.c">
      <Filter>Source Files</Filter>
    </ClCompile>
    <ClCompile Include="slipgate\sg_rune_source_authority.c">
      <Filter>Source Files</Filter>
    </ClCompile>
    <ClCompile Include="slipgate\sg_human_speed.c">
      <Filter>Source Files</Filter>
    </ClCompile>
    <ClCompile Include="slipgate\sg_human_trace.c">
      <Filter>Source Files</Filter>
    </ClCompile>
    <ClCompile Include="slipgate\sg_door_approach.c">
      <Filter>Source Files</Filter>
    </ClCompile>
    <ClCompile Include="slipgate\sg_hook_diagnostics.c">
      <Filter>Source Files</Filter>
    </ClCompile>
    <ClCompile Include="slipgate\sg_pov_identity.c">
      <Filter>Source Files</Filter>
    </ClCompile>
    <ClCompile Include="slipgate\sg_rune_codec.c">
      <Filter>Source Files</Filter>
    </ClCompile>
    <ClCompile Include="slipgate\sg_rune_artifact_loader.c">
      <Filter>Source Files</Filter>
    </ClCompile>
    <ClCompile Include="slipgate\sg_rune_artifact_writer.c">
      <Filter>Source Files</Filter>
    </ClCompile>
    <ClCompile Include="slipgate\sg_rune_v2_content_identity.c">
      <Filter>Source Files</Filter>
    </ClCompile>
    <ClCompile Include="slipgate\sg_rune_v2_exact_snapshot.c">
      <Filter>Source Files</Filter>
    </ClCompile>
    <ClCompile Include="slipgate\sg_rune_file.c">
      <Filter>Source Files</Filter>
    </ClCompile>
    <ClCompile Include="slipgate\sg_rune_stream.c">
      <Filter>Source Files</Filter>
    </ClCompile>
    <ClCompile Include="slipgate\sg_rune_mechanism_catalog.c">
      <Filter>Source Files</Filter>
    </ClCompile>
    <ClCompile Include="slipgate\sg_rune_mechanism_plan.c">
      <Filter>Source Files</Filter>
    </ClCompile>
    <ClCompile Include="slipgate\sg_rune_runtime.c">
      <Filter>Source Files</Filter>
    </ClCompile>
    <ClCompile Include="slipgate\sg_rune_binding.c">
      <Filter>Source Files</Filter>
    </ClCompile>
    <ClCompile Include="slipgate\sg_sidecar_wire.c">
      <Filter>Source Files</Filter>
    </ClCompile>
    <ClCompile Include="slipgate\sg_sidecar_loader.c">
      <Filter>Source Files</Filter>
    </ClCompile>
    <ClCompile Include="slipgate\sg_sidecar_store.c">
      <Filter>Source Files</Filter>
    </ClCompile>
    <ClCompile Include="slipgate\sg_rune_install.c">
      <Filter>Source Files</Filter>
    </ClCompile>
    <ClCompile Include="slipgate\sg_rune_proof.c">
      <Filter>Source Files</Filter>
    </ClCompile>
    <ClCompile Include="slipgate\sg_replay.c">
      <Filter>Source Files</Filter>
    </ClCompile>
    <ClCompile Include="slipgate\sg_compound.c">
      <Filter>Source Files</Filter>
    </ClCompile>
    <ClCompile Include="slipgate\sg_mover_lease.c">
      <Filter>Source Files</Filter>
    </ClCompile>
    <ClCompile Include="slipgate\sg_button_live.c">
      <Filter>Source Files</Filter>
    </ClCompile>
    <ClCompile Include="slipgate\sg_compound_guard.c">
      <Filter>Source Files</Filter>
    </ClCompile>
    <ClCompile Include="slipgate\sg_compound_guard_game.c">
      <Filter>Source Files</Filter>
    </ClCompile>
    <ClCompile Include="slipgate\sg_compound_swim_live.c">
      <Filter>Source Files</Filter>
    </ClCompile>
    <ClCompile Include="slipgate\sg_compound_swim_game.c">
      <Filter>Source Files</Filter>
    </ClCompile>
    <ClCompile Include="slipgate\sg_declared_door_guard.c">
      <Filter>Source Files</Filter>
    </ClCompile>
    <ClCompile Include="slipgate\sg_compound_world.c">
      <Filter>Source Files</Filter>
    </ClCompile>
    <ClCompile Include="slipgate\sg_compound_gen.c">
      <Filter>Source Files</Filter>
    </ClCompile>
    <ClCompile Include="slipgate\sg_compound_action_gen.c">
      <Filter>Source Files</Filter>
    </ClCompile>
    <ClCompile Include="slipgate\sg_compound_gen_game.c">
      <Filter>Source Files</Filter>
    </ClCompile>
    <ClCompile Include="slipgate\sg_compound_publication.c">
      <Filter>Source Files</Filter>
    </ClCompile>
    <ClCompile Include="slipgate\sg_compound_publication_build.c">
      <Filter>Source Files</Filter>
    </ClCompile>
    <ClCompile Include="slipgate\sg_compound_action_publication.c">
      <Filter>Source Files</Filter>
    </ClCompile>
    <ClCompile Include="slipgate\sg_compound_drop_live.c">
      <Filter>Source Files</Filter>
    </ClCompile>
    <ClCompile Include="slipgate\sg_compound_drop_live_finish.c">
      <Filter>Source Files</Filter>
    </ClCompile>
    <ClCompile Include="slipgate\sg_compound_hook_live.c">
      <Filter>Source Files</Filter>
    </ClCompile>
    <ClCompile Include="slipgate\sg_compound_hook_live_finish.c">
      <Filter>Source Files</Filter>
    </ClCompile>
    <ClCompile Include="slipgate\sg_compound_hook_game.c">
      <Filter>Source Files</Filter>
    </ClCompile>
    <ClCompile Include="slipgate\sg_compound_hook_game_lifecycle.c">
      <Filter>Source Files</Filter>
    </ClCompile>
    <ClCompile Include="slipgate\sg_compound_hook_game_events.c">
      <Filter>Source Files</Filter>
    </ClCompile>
    <ClCompile Include="slipgate\sg_compound_drop_game.c">
      <Filter>Source Files</Filter>
    </ClCompile>
    <ClCompile Include="slipgate\sg_rune_door_scope.c">
      <Filter>Source Files</Filter>
    </ClCompile>
    <ClCompile Include="slipgate\sg_drop_live.c">
      <Filter>Source Files</Filter>
    </ClCompile>
    <ClCompile Include="slipgate\sg_swim_live.c">
      <Filter>Source Files</Filter>
    </ClCompile>
    <ClCompile Include="slipgate\sg_hook_live.c">
      <Filter>Source Files</Filter>
    </ClCompile>
    <ClCompile Include="slipgate\sg_rocketjump_live.c">
      <Filter>Source Files</Filter>
    </ClCompile>
    <ClCompile Include="slipgate\sg_rocketjump_cadence.c">
      <Filter>Source Files</Filter>
    </ClCompile>
    <ClCompile Include="slipgate\sg_rocketjump_game.c">
      <Filter>Source Files</Filter>
    </ClCompile>
    <ClCompile Include="slipgate\sg_push_live.c">
      <Filter>Source Files</Filter>
    </ClCompile>
    <ClCompile Include="slipgate\sg_push_game.c">
      <Filter>Source Files</Filter>
    </ClCompile>
    <ClCompile Include="slipgate\sg_arach.c">
      <Filter>Source Files</Filter>
    </ClCompile>
    <ClCompile Include="slipgate\sg_belief.c">
      <Filter>Source Files</Filter>
    </ClCompile>
    <ClCompile Include="slipgate\sg_belief_runtime.c">
      <Filter>Source Files</Filter>
    </ClCompile>
    <ClCompile Include="slipgate\sg_destination.c">
      <Filter>Source Files</Filter>
    </ClCompile>
    <ClCompile Include="slipgate\sg_perception_evidence.c">
      <Filter>Source Files</Filter>
    </ClCompile>
    <ClCompile Include="slipgate\sg_rune_dynamics_model.c">
      <Filter>Source Files</Filter>
    </ClCompile>
    <ClCompile Include="slipgate\sg_rune_dynamics_geometry.c">
      <Filter>Source Files</Filter>
    </ClCompile>
    <ClCompile Include="slipgate\sg_rune_field_contract.c">
      <Filter>Source Files</Filter>
    </ClCompile>
    <ClCompile Include="slipgate\sg_field_attractor.c">
      <Filter>Source Files</Filter>
    </ClCompile>
    <ClCompile Include="slipgate\sg_field_service.c">
      <Filter>Source Files</Filter>
    </ClCompile>
    <ClCompile Include="slipgate\sg_rune_model.c">
      <Filter>Source Files</Filter>
    </ClCompile>
    <ClCompile Include="slipgate\sg_localization.c">
      <Filter>Source Files</Filter>
    </ClCompile>
    <ClCompile Include="slipgate\sg_pickup_target.c">
      <Filter>Source Files</Filter>
    </ClCompile>
    <ClCompile Include="slipgate\sg_cvars.c">
      <Filter>Source Files</Filter>
    </ClCompile>
    <ClCompile Include="slipgate\sg_hooks.c">
      <Filter>Source Files</Filter>
    </ClCompile>
    <ClCompile Include="slipgate\sg_util.c">
      <Filter>Source Files</Filter>
    </ClCompile>
    <ClCompile Include="slipgate\sg_client.c">
      <Filter>Source Files</Filter>
    </ClCompile>
    <ClCompile Include="slipgate\sg_clock.c">
      <Filter>Source Files</Filter>
    </ClCompile>
    <ClCompile Include="slipgate\sg_danger.c">
      <Filter>Source Files</Filter>
    </ClCompile>
    <ClCompile Include="slipgate\sg_danger_lease.c">
      <Filter>Source Files</Filter>
    </ClCompile>
    <ClCompile Include="slipgate\sg_danger_policy.c">
      <Filter>Source Files</Filter>
    </ClCompile>
    <ClCompile Include="slipgate\sg_weights.c">
      <Filter>Source Files</Filter>
    </ClCompile>
    <ClCompile Include="slipgate\sg_tilt.c">
      <Filter>Source Files</Filter>
    </ClCompile>
    <ClCompile Include="slipgate\sg_lead.c">
      <Filter>Source Files</Filter>
    </ClCompile>
    <ClCompile Include="slipgate\sg_move.c">
      <Filter>Source Files</Filter>
    </ClCompile>
    <ClCompile Include="slipgate\sg_feeler_probe.c">
      <Filter>Source Files</Filter>
    </ClCompile>
    <ClCompile Include="slipgate\sg_price.c">
      <Filter>Source Files</Filter>
    </ClCompile>
    <ClCompile Include="slipgate\sg_descend.c">
      <Filter>Source Files</Filter>
    </ClCompile>
    <ClCompile Include="slipgate\sg_traversal_transition.c">
      <Filter>Source Files</Filter>
    </ClCompile>
    <ClCompile Include="slipgate\sg_goal.c">
      <Filter>Source Files</Filter>
    </ClCompile>
    <ClCompile Include="slipgate\sg_caco.c">
      <Filter>Source Files</Filter>
    </ClCompile>
    <ClCompile Include="slipgate\sg_chat.c">
      <Filter>Source Files</Filter>
    </ClCompile>
    <ClCompile Include="slipgate\sg_combat.c">
      <Filter>Source Files</Filter>
    </ClCompile>
    <ClCompile Include="slipgate\sg_combat_land_lead.c">
      <Filter>Source Files</Filter>
    </ClCompile>
    <ClCompile Include="slipgate\sg_fields.c">
      <Filter>Source Files</Filter>
    </ClCompile>
    <ClCompile Include="slipgate\sg_net.c">
      <Filter>Source Files</Filter>
    </ClCompile>
    <ClCompile Include="slipgate\sg_oracle.c">
      <Filter>Source Files</Filter>
    </ClCompile>
    <ClCompile Include="slipgate\sg_persona.c">
      <Filter>Source Files</Filter>
    </ClCompile>
    <ClCompile Include="slipgate\sg_rune.c">
      <Filter>Source Files</Filter>
    </ClCompile>
    <ClCompile Include="slipgate\sg_chain_hook_replay.c">
      <Filter>Source Files</Filter>
    </ClCompile>
    <ClCompile Include="slipgate\sg_client_ownership.c">
      <Filter>Source Files</Filter>
    </ClCompile>
    <ClCompile Include="slipgate\sg_delayed_use_ticket.c">
      <Filter>Source Files</Filter>
    </ClCompile>
    <ClCompile Include="slipgate\sg_hook_game.c">
      <Filter>Source Files</Filter>
    </ClCompile>
    <ClCompile Include="slipgate\sg_hook_oracle.c">
      <Filter>Source Files</Filter>
    </ClCompile>
    <ClCompile Include="slipgate\sg_mechanism_timeline.c">
      <Filter>Source Files</Filter>
    </ClCompile>
    <ClCompile Include="slipgate\sg_oracle_rotator.c">
      <Filter>Source Files</Filter>
    </ClCompile>
    <ClCompile Include="slipgate\sg_relay_wall_game.c">
      <Filter>Source Files</Filter>
    </ClCompile>
    <ClCompile Include="slipgate\sg_relay_wall_live.c">
      <Filter>Source Files</Filter>
    </ClCompile>
    <ClCompile Include="slipgate\sg_relay_wall_objective.c">
      <Filter>Source Files</Filter>
    </ClCompile>
    <ClCompile Include="slipgate\sg_relay_wall_objective_game.c">
      <Filter>Source Files</Filter>
    </ClCompile>
    <ClCompile Include="slipgate\sg_relay_wall_transaction.c">
      <Filter>Source Files</Filter>
    </ClCompile>
    <ClCompile Include="slipgate\sg_rune_authority_game.c">
      <Filter>Source Files</Filter>
    </ClCompile>
    <ClCompile Include="slipgate\sg_rune_door_scope_game.c">
      <Filter>Source Files</Filter>
    </ClCompile>
    <ClCompile Include="slipgate\sg_rune_hook_frontier.c">
      <Filter>Source Files</Filter>
    </ClCompile>
    <ClCompile Include="slipgate\sg_rune_late_path.c">
      <Filter>Source Files</Filter>
    </ClCompile>
    <ClCompile Include="slipgate\sg_rune_learning.c">
      <Filter>Source Files</Filter>
    </ClCompile>
    <ClCompile Include="slipgate\sg_rune_learning_game.c">
      <Filter>Source Files</Filter>
    </ClCompile>
    <ClCompile Include="slipgate\sg_rune_reverse_boundary.c">
      <Filter>Source Files</Filter>
    </ClCompile>
    <ClCompile Include="slipgate\sg_rune_seed_game.c">
      <Filter>Source Files</Filter>
    </ClCompile>
    <ClCompile Include="slipgate\sg_rune_topology.c">
      <Filter>Source Files</Filter>
    </ClCompile>
    <ClCompile Include="slipgate\sg_rune_topology_game.c">
      <Filter>Source Files</Filter>
    </ClCompile>
    <ClCompile Include="slipgate\sg_rune_update_source.c">
      <Filter>Source Files</Filter>
    </ClCompile>
    <ClCompile Include="slipgate\sg_shoot_door_game.c">
      <Filter>Source Files</Filter>
    </ClCompile>
    <ClCompile Include="slipgate\sg_shoot_door_live.c">
      <Filter>Source Files</Filter>
    </ClCompile>
    <ClCompile Include="slipgate\sg_timed_vault_egress.c">
      <Filter>Source Files</Filter>
    </ClCompile>
    <ClCompile Include="slipgate\sg_timed_vault_egress_game.c">
      <Filter>Source Files</Filter>
    </ClCompile>
    <ClCompile Include="slipgate\sg_timed_vault_game.c">
      <Filter>Source Files</Filter>
    </ClCompile>
    <ClCompile Include="slipgate\sg_timed_vault_game_runtime.c">
      <Filter>Source Files</Filter>
    </ClCompile>
    <ClCompile Include="slipgate\sg_timed_vault_transaction.c">
      <Filter>Source Files</Filter>
    </ClCompile>
    <ClCompile Include="slipgate\sg_train_gate_game.c">
      <Filter>Source Files</Filter>
    </ClCompile>
    <ClCompile Include="slipgate\sg_train_gate_live.c">
      <Filter>Source Files</Filter>
    </ClCompile>
    <ClCompile Include="slipgate\sg_train_station_board_path.c">
      <Filter>Source Files</Filter>
    </ClCompile>
    <ClCompile Include="slipgate\sg_train_station_candidate.c">
      <Filter>Source Files</Filter>
    </ClCompile>
    <ClCompile Include="slipgate\sg_train_station_candidate_game.c">
      <Filter>Source Files</Filter>
    </ClCompile>
    <ClCompile Include="slipgate\sg_train_station_game.c">
      <Filter>Source Files</Filter>
    </ClCompile>
    <ClCompile Include="slipgate\sg_train_station_plan.c">
      <Filter>Source Files</Filter>
    </ClCompile>
    <ClCompile Include="slipgate\sg_train_station_transaction.c">
      <Filter>Source Files</Filter>
    </ClCompile>
    <ClCompile Include="slipgate\sg_water_forest.c">
      <Filter>Source Files</Filter>
    </ClCompile>
    <ClCompile Include="stdlog.c">
      <Filter>Source Files</Filter>
    </ClCompile>
  </ItemGroup>
  <ItemGroup>
    <ClInclude Include="BuzzmodVersion.h">
      <Filter>Header Files</Filter>
    </ClInclude>
    <ClInclude Include="ctf_file_io.h">
      <Filter>Header Files</Filter>
    </ClInclude>
    <ClInclude Include="ctf_sqlite_core.h">
      <Filter>Header Files</Filter>
    </ClInclude>
    <ClInclude Include="ctf_sqlite_player.h">
      <Filter>Header Files</Filter>
    </ClInclude>
    <ClInclude Include="ctf_sqlite_unidb.h">
      <Filter>Header Files</Filter>
    </ClInclude>
    <ClInclude Include="sqlite3.h">
      <Filter>Header Files</Filter>
    </ClInclude>
    <ClInclude Include="bat.h">
      <Filter>Header Files</Filter>
    </ClInclude>
    <ClInclude Include="g_ctffunc.h">
      <Filter>Header Files</Filter>
    </ClInclude>
    <ClInclude Include="g_local.h">
      <Filter>Header Files</Filter>
    </ClInclude>
    <ClInclude Include="g_menu.h">
      <Filter>Header Files</Filter>
    </ClInclude>
    <ClInclude Include="g_skins.h">
      <Filter>Header Files</Filter>
    </ClInclude>
    <ClInclude Include="g_tourney.h">
      <Filter>Header Files</Filter>
    </ClInclude>
    <ClInclude Include="game.h">
      <Filter>Header Files</Filter>
    </ClInclude>
    <ClInclude Include="gslog.h">
      <Filter>Header Files</Filter>
    </ClInclude>
    <ClInclude Include="m_actor.h">
      <Filter>Header Files</Filter>
    </ClInclude>
    <ClInclude Include="m_berserk.h">
      <Filter>Header Files</Filter>
    </ClInclude>
    <ClInclude Include="m_boss2.h">
      <Filter>Header Files</Filter>
    </ClInclude>
    <ClInclude Include="m_boss31.h">
      <Filter>Header Files</Filter>
    </ClInclude>
    <ClInclude Include="m_boss32.h">
      <Filter>Header Files</Filter>
    </ClInclude>
    <ClInclude Include="m_brain.h">
      <Filter>Header Files</Filter>
    </ClInclude>
    <ClInclude Include="m_chick.h">
      <Filter>Header Files</Filter>
    </ClInclude>
    <ClInclude Include="m_flipper.h">
      <Filter>Header Files</Filter>
    </ClInclude>
    <ClInclude Include="m_float.h">
      <Filter>Header Files</Filter>
    </ClInclude>
    <ClInclude Include="m_flyer.h">
      <Filter>Header Files</Filter>
    </ClInclude>
    <ClInclude Include="m_gladiator.h">
      <Filter>Header Files</Filter>
    </ClInclude>
    <ClInclude Include="m_gunner.h">
      <Filter>Header Files</Filter>
    </ClInclude>
    <ClInclude Include="m_hover.h">
      <Filter>Header Files</Filter>
    </ClInclude>
    <ClInclude Include="m_infantry.h">
      <Filter>Header Files</Filter>
    </ClInclude>
    <ClInclude Include="m_insane.h">
      <Filter>Header Files</Filter>
    </ClInclude>
    <ClInclude Include="m_medic.h">
      <Filter>Header Files</Filter>
    </ClInclude>
    <ClInclude Include="m_mutant.h">
      <Filter>Header Files</Filter>
    </ClInclude>
    <ClInclude Include="m_parasite.h">
      <Filter>Header Files</Filter>
    </ClInclude>
    <ClInclude Include="m_player.h">
      <Filter>Header Files</Filter>
    </ClInclude>
    <ClInclude Include="m_rider.h">
      <Filter>Header Files</Filter>
    </ClInclude>
    <ClInclude Include="m_soldier.h">
      <Filter>Header Files</Filter>
    </ClInclude>
    <ClInclude Include="m_supertank.h">
      <Filter>Header Files</Filter>
    </ClInclude>
    <ClInclude Include="m_tank.h">
      <Filter>Header Files</Filter>
    </ClInclude>
    <ClInclude Include="p_stats.h">
      <Filter>Header Files</Filter>
    </ClInclude>
    <ClInclude Include="q_shared.h">
      <Filter>Header Files</Filter>
    </ClInclude>
    <ClInclude Include="slipgate\sg_action.h">
      <Filter>Header Files</Filter>
    </ClInclude>
    <ClInclude Include="slipgate\sg_action_contract.generated.h">
      <Filter>Header Files</Filter>
    </ClInclude>
    <ClInclude Include="slipgate\sg_crc32.h">
      <Filter>Header Files</Filter>
    </ClInclude>
    <ClInclude Include="slipgate\sg_defense_shift.h">
      <Filter>Header Files</Filter>
    </ClInclude>
    <ClInclude Include="slipgate\sg_defense_supply.h">
      <Filter>Header Files</Filter>
    </ClInclude>
    <ClInclude Include="slipgate\sg_strike.h">
      <Filter>Header Files</Filter>
    </ClInclude>
    <ClInclude Include="slipgate\sg_feeler_probe.h">
      <Filter>Header Files</Filter>
    </ClInclude>
    <ClInclude Include="slipgate\sg_traversal_transition.h">
      <Filter>Header Files</Filter>
    </ClInclude>
    <ClInclude Include="slipgate\sg_strike_adapter.h">
      <Filter>Header Files</Filter>
    </ClInclude>
    <ClInclude Include="slipgate\sg_identity.h">
      <Filter>Header Files</Filter>
    </ClInclude>
    <ClInclude Include="slipgate\sg_rune_source_authority.h">
      <Filter>Header Files</Filter>
    </ClInclude>
    <ClInclude Include="slipgate\sg_rune_source_authority_owner.h">
      <Filter>Header Files</Filter>
    </ClInclude>
    <ClInclude Include="slipgate\sg_human_speed.h">
      <Filter>Header Files</Filter>
    </ClInclude>
    <ClInclude Include="slipgate\sg_human_trace.h">
      <Filter>Header Files</Filter>
    </ClInclude>
    <ClInclude Include="slipgate\sg_door_approach.h">
      <Filter>Header Files</Filter>
    </ClInclude>
    <ClInclude Include="slipgate\sg_hook_diagnostics.h">
      <Filter>Header Files</Filter>
    </ClInclude>
    <ClInclude Include="slipgate\sg_pov_identity.h">
      <Filter>Header Files</Filter>
    </ClInclude>
    <ClInclude Include="slipgate\sg_local.h">
      <Filter>Header Files</Filter>
    </ClInclude>
    <ClInclude Include="slipgate\sg_belief_contract.h">
      <Filter>Header Files</Filter>
    </ClInclude>
    <ClInclude Include="slipgate\sg_belief_runtime.h">
      <Filter>Header Files</Filter>
    </ClInclude>
    <ClInclude Include="slipgate\sg_destination.h">
      <Filter>Header Files</Filter>
    </ClInclude>
    <ClInclude Include="slipgate\sg_perception_evidence.h">
      <Filter>Header Files</Filter>
    </ClInclude>
    <ClInclude Include="slipgate\sg_rune_dynamics_model.h">
      <Filter>Header Files</Filter>
    </ClInclude>
    <ClInclude Include="slipgate\sg_rune_dynamics_model_internal.h">
      <Filter>Header Files</Filter>
    </ClInclude>
    <ClInclude Include="slipgate\sg_field_attractor.h">
      <Filter>Header Files</Filter>
    </ClInclude>
    <ClInclude Include="slipgate\sg_field_service_owner_private.h">
      <Filter>Header Files</Filter>
    </ClInclude>
    <ClInclude Include="slipgate\sg_rune_model.h">
      <Filter>Header Files</Filter>
    </ClInclude>
    <ClInclude Include="slipgate\sg_rune.h">
      <Filter>Header Files</Filter>
    </ClInclude>
    <ClInclude Include="slipgate\sg_rune_contract.h">
      <Filter>Header Files</Filter>
    </ClInclude>
    <ClInclude Include="slipgate\sg_rune_codec.h">
      <Filter>Header Files</Filter>
    </ClInclude>
    <ClInclude Include="slipgate\sg_rune_artifact_loader.h">
      <Filter>Header Files</Filter>
    </ClInclude>
    <ClInclude Include="slipgate\sg_rune_artifact_writer.h">
      <Filter>Header Files</Filter>
    </ClInclude>
    <ClInclude Include="slipgate\sg_rune_v2_content_identity.h">
      <Filter>Header Files</Filter>
    </ClInclude>
    <ClInclude Include="slipgate\sg_rune_v2_exact_snapshot.h">
      <Filter>Header Files</Filter>
    </ClInclude>
    <ClInclude Include="slipgate\sg_rune_v2_exact_snapshot_private.h">
      <Filter>Header Files</Filter>
    </ClInclude>
    <ClInclude Include="slipgate\sg_rune_file.h">
      <Filter>Header Files</Filter>
    </ClInclude>
    <ClInclude Include="slipgate\sg_rune_stream.h">
      <Filter>Header Files</Filter>
    </ClInclude>
    <ClInclude Include="slipgate\sg_rune_mechanism_catalog.h">
      <Filter>Header Files</Filter>
    </ClInclude>
    <ClInclude Include="slipgate\sg_rune_mechanism_plan.h">
      <Filter>Header Files</Filter>
    </ClInclude>
    <ClInclude Include="slipgate\sg_rune_binding.h">
      <Filter>Header Files</Filter>
    </ClInclude>
    <ClInclude Include="slipgate\sg_sidecar_wire.h">
      <Filter>Header Files</Filter>
    </ClInclude>
    <ClInclude Include="slipgate\sg_sidecar_loader.h">
      <Filter>Header Files</Filter>
    </ClInclude>
    <ClInclude Include="slipgate\sg_sidecar_store.h">
      <Filter>Header Files</Filter>
    </ClInclude>
    <ClInclude Include="slipgate\sg_danger_lease.h">
      <Filter>Header Files</Filter>
    </ClInclude>
    <ClInclude Include="slipgate\sg_danger_policy.h">
      <Filter>Header Files</Filter>
    </ClInclude>
    <ClInclude Include="slipgate\sg_rune_install.h">
      <Filter>Header Files</Filter>
    </ClInclude>
    <ClInclude Include="slipgate\sg_rune_proof.h">
      <Filter>Header Files</Filter>
    </ClInclude>
    <ClInclude Include="slipgate\sg_replay.h">
      <Filter>Header Files</Filter>
    </ClInclude>
    <ClInclude Include="slipgate\sg_compound.h">
      <Filter>Header Files</Filter>
    </ClInclude>
    <ClInclude Include="slipgate\sg_mover_lease.h">
      <Filter>Header Files</Filter>
    </ClInclude>
    <ClInclude Include="slipgate\sg_button_live.h">
      <Filter>Header Files</Filter>
    </ClInclude>
    <ClInclude Include="slipgate\sg_compound_guard.h">
      <Filter>Header Files</Filter>
    </ClInclude>
    <ClInclude Include="slipgate\sg_compound_guard_game.h">
      <Filter>Header Files</Filter>
    </ClInclude>
    <ClInclude Include="slipgate\sg_compound_swim_live.h">
      <Filter>Header Files</Filter>
    </ClInclude>
    <ClInclude Include="slipgate\sg_compound_swim_game.h">
      <Filter>Header Files</Filter>
    </ClInclude>
    <ClInclude Include="slipgate\sg_declared_door_guard.h">
      <Filter>Header Files</Filter>
    </ClInclude>
    <ClInclude Include="slipgate\sg_compound_world.h">
      <Filter>Header Files</Filter>
    </ClInclude>
    <ClInclude Include="slipgate\sg_compound_gen.h">
      <Filter>Header Files</Filter>
    </ClInclude>
    <ClInclude Include="slipgate\sg_compound_gen_game.h">
      <Filter>Header Files</Filter>
    </ClInclude>
    <ClInclude Include="slipgate\sg_compound_publication.h">
      <Filter>Header Files</Filter>
    </ClInclude>
    <ClInclude Include="slipgate\sg_compound_drop_live.h">
      <Filter>Header Files</Filter>
    </ClInclude>
    <ClInclude Include="slipgate\sg_compound_drop_live_internal.h">
      <Filter>Header Files</Filter>
    </ClInclude>
    <ClInclude Include="slipgate\sg_compound_drop_game.h">
      <Filter>Header Files</Filter>
    </ClInclude>
    <ClInclude Include="slipgate\sg_compound_hook_game.h">
      <Filter>Header Files</Filter>
    </ClInclude>
    <ClInclude Include="slipgate\sg_compound_hook_game_events.h">
      <Filter>Header Files</Filter>
    </ClInclude>
    <ClInclude Include="slipgate\sg_rune_door_scope.h">
      <Filter>Header Files</Filter>
    </ClInclude>
    <ClInclude Include="slipgate\sg_drop_live.h">
      <Filter>Header Files</Filter>
    </ClInclude>
    <ClInclude Include="slipgate\sg_swim_live.h">
      <Filter>Header Files</Filter>
    </ClInclude>
    <ClInclude Include="slipgate\sg_hook_live.h">
      <Filter>Header Files</Filter>
    </ClInclude>
    <ClInclude Include="slipgate\sg_push_live.h">
      <Filter>Header Files</Filter>
    </ClInclude>
    <ClInclude Include="slipgate\sg_push_game.h">
      <Filter>Header Files</Filter>
    </ClInclude>
    <ClInclude Include="ui_stats.h">
      <Filter>Header Files</Filter>
    </ClInclude>
    <ClInclude Include="ui_text.h">
      <Filter>Header Files</Filter>
    </ClInclude>
    <ClInclude Include="ui_layout.h">
      <Filter>Header Files</Filter>
    </ClInclude>
    <ClInclude Include="ui_boards.h">
      <Filter>Header Files</Filter>
    </ClInclude>
    <ClInclude Include="slipgate\sg_bot.h">
      <Filter>Header Files</Filter>
    </ClInclude>
    <ClInclude Include="slipgate\sg_chain_hook_replay.h">
      <Filter>Header Files</Filter>
    </ClInclude>
    <ClInclude Include="slipgate\sg_client_ownership.h">
      <Filter>Header Files</Filter>
    </ClInclude>
    <ClInclude Include="slipgate\sg_clock.h">
      <Filter>Header Files</Filter>
    </ClInclude>
    <ClInclude Include="slipgate\sg_compound_hook_live.h">
      <Filter>Header Files</Filter>
    </ClInclude>
    <ClInclude Include="slipgate\sg_cvars.h">
      <Filter>Header Files</Filter>
    </ClInclude>
    <ClInclude Include="slipgate\sg_delayed_use_ticket.h">
      <Filter>Header Files</Filter>
    </ClInclude>
    <ClInclude Include="slipgate\sg_field_key.h">
      <Filter>Header Files</Filter>
    </ClInclude>
    <ClInclude Include="slipgate\sg_hook_discipline.h">
      <Filter>Header Files</Filter>
    </ClInclude>
    <ClInclude Include="slipgate\sg_hook_game.h">
      <Filter>Header Files</Filter>
    </ClInclude>
    <ClInclude Include="slipgate\sg_hook_oracle.h">
      <Filter>Header Files</Filter>
    </ClInclude>
    <ClInclude Include="slipgate\sg_hooks.h">
      <Filter>Header Files</Filter>
    </ClInclude>
    <ClInclude Include="slipgate\sg_mechanism_timeline.h">
      <Filter>Header Files</Filter>
    </ClInclude>
    <ClInclude Include="slipgate\sg_oracle_internal.h">
      <Filter>Header Files</Filter>
    </ClInclude>
    <ClInclude Include="slipgate\sg_relay_wall_game.h">
      <Filter>Header Files</Filter>
    </ClInclude>
    <ClInclude Include="slipgate\sg_relay_wall_live.h">
      <Filter>Header Files</Filter>
    </ClInclude>
    <ClInclude Include="slipgate\sg_relay_wall_objective.h">
      <Filter>Header Files</Filter>
    </ClInclude>
    <ClInclude Include="slipgate\sg_relay_wall_objective_game.h">
      <Filter>Header Files</Filter>
    </ClInclude>
    <ClInclude Include="slipgate\sg_relay_wall_transaction.h">
      <Filter>Header Files</Filter>
    </ClInclude>
    <ClInclude Include="slipgate\sg_rocketjump_game.h">
      <Filter>Header Files</Filter>
    </ClInclude>
    <ClInclude Include="slipgate\sg_rocketjump_live.h">
      <Filter>Header Files</Filter>
    </ClInclude>
    <ClInclude Include="slipgate\sg_rocketjump_phase.h">
      <Filter>Header Files</Filter>
    </ClInclude>
    <ClInclude Include="slipgate\sg_rune_authority_game.h">
      <Filter>Header Files</Filter>
    </ClInclude>
    <ClInclude Include="slipgate\sg_rune_door_scope_game.h">
      <Filter>Header Files</Filter>
    </ClInclude>
    <ClInclude Include="slipgate\sg_rune_hook_frontier.h">
      <Filter>Header Files</Filter>
    </ClInclude>
    <ClInclude Include="slipgate\sg_rune_late_path.h">
      <Filter>Header Files</Filter>
    </ClInclude>
    <ClInclude Include="slipgate\sg_rune_learning.h">
      <Filter>Header Files</Filter>
    </ClInclude>
    <ClInclude Include="slipgate\sg_rune_learning_game.h">
      <Filter>Header Files</Filter>
    </ClInclude>
    <ClInclude Include="slipgate\sg_rune_reverse_boundary.h">
      <Filter>Header Files</Filter>
    </ClInclude>
    <ClInclude Include="slipgate\sg_rune_seed_game.h">
      <Filter>Header Files</Filter>
    </ClInclude>
    <ClInclude Include="slipgate\sg_rune_topology.h">
      <Filter>Header Files</Filter>
    </ClInclude>
    <ClInclude Include="slipgate\sg_rune_topology_game.h">
      <Filter>Header Files</Filter>
    </ClInclude>
    <ClInclude Include="slipgate\sg_rune_update_source.h">
      <Filter>Header Files</Filter>
    </ClInclude>
    <ClInclude Include="slipgate\sg_shoot_door_game.h">
      <Filter>Header Files</Filter>
    </ClInclude>
    <ClInclude Include="slipgate\sg_shoot_door_live.h">
      <Filter>Header Files</Filter>
    </ClInclude>
    <ClInclude Include="slipgate\sg_timed_vault_egress.h">
      <Filter>Header Files</Filter>
    </ClInclude>
    <ClInclude Include="slipgate\sg_timed_vault_game.h">
      <Filter>Header Files</Filter>
    </ClInclude>
    <ClInclude Include="slipgate\sg_timed_vault_game_runtime.h">
      <Filter>Header Files</Filter>
    </ClInclude>
    <ClInclude Include="slipgate\sg_timed_vault_transaction.h">
      <Filter>Header Files</Filter>
    </ClInclude>
    <ClInclude Include="slipgate\sg_train_gate_game.h">
      <Filter>Header Files</Filter>
    </ClInclude>
    <ClInclude Include="slipgate\sg_train_gate_live.h">
      <Filter>Header Files</Filter>
    </ClInclude>
    <ClInclude Include="slipgate\sg_train_station_board_path.h">
      <Filter>Header Files</Filter>
    </ClInclude>
    <ClInclude Include="slipgate\sg_train_station_candidate.h">
      <Filter>Header Files</Filter>
    </ClInclude>
    <ClInclude Include="slipgate\sg_train_station_candidate_game.h">
      <Filter>Header Files</Filter>
    </ClInclude>
    <ClInclude Include="slipgate\sg_train_station_game.h">
      <Filter>Header Files</Filter>
    </ClInclude>
    <ClInclude Include="slipgate\sg_train_station_plan.h">
      <Filter>Header Files</Filter>
    </ClInclude>
    <ClInclude Include="slipgate\sg_train_station_transaction.h">
      <Filter>Header Files</Filter>
    </ClInclude>
    <ClInclude Include="slipgate\sg_util.h">
      <Filter>Header Files</Filter>
    </ClInclude>
    <ClInclude Include="slipgate\sg_water_forest.h">
      <Filter>Header Files</Filter>
    </ClInclude>
    <ClInclude Include="stdlog.h">
      <Filter>Header Files</Filter>
    </ClInclude>
    <ClInclude Include="g_vote.h">
      <Filter>Header Files</Filter>
    </ClInclude>
    <ClInclude Include="GitRevisionInfo.h">
      <Filter>Header Files</Filter>
    </ClInclude>
  </ItemGroup>
  <ItemGroup>
    <None Include="Makefile" />
    <None Include="team.def">
      <Filter>Resource Files</Filter>
    </None>
    <None Include="GNUmakefile" />
    <None Include="GitRevisionInfo.tmpl">
      <Filter>Source Files</Filter>
    </None>
  </ItemGroup>
</Project>
